Microsoft Visual Studio Solution File, Format Version 12.00
# Visual Studio Version 17
VisualStudioVersion = 17.5.2.0
MinimumVisualStudioVersion = 10.0.40219.1
Project("{FAE04EC0-301F-11D3-BF4B-00C04F79EFBC}") = "Projeto-Final-Tec_Prog_I", "Projeto-Final-Tec_Prog_I\Projeto-Final-Tec_Prog_I.csproj", "{3FF06B15-D7BB-0F09-472D-F53F7DD8A1BD}"
EndProject
Global
	GlobalSection(SolutionConfigurationPlatforms) = preSolution
		Debug|Any CPU = Debug|Any CPU
		Release|Any CPU = Release|Any CPU
	EndGlobalSection
	GlobalSection(ProjectConfigurationPlatforms) = postSolution
		{3FF06B15-D7BB-0F09-472D-F53F7DD8A1BD}.Debug|Any CPU.ActiveCfg = Debug|Any CPU
		{3FF06B15-D7BB-0F09-472D-F53F7DD8A1BD}.Debug|Any CPU.Build.0 = Debug|Any CPU
		{3FF06B15-D7BB-0F09-472D-F53F7DD8A1BD}.Release|Any CPU.ActiveCfg = Release|Any CPU
		{3FF06B15-D7BB-0F09-472D-F53F7DD8A1BD}.Release|Any CPU.Build.0 = Release|Any CPU
	EndGlobalSection
	GlobalSection(SolutionProperties) = preSolution
		HideSolutionNode = FALSE
	EndGlobalSection
	GlobalSection(ExtensibilityGlobals) = postSolution
		SolutionGuid = {07818279-C8FA-462A-B08A-31D00ED757C3}
	EndGlobalSection
EndGlobal
